
Microsoft Visual Studio Solution File, Format Version 12.00
# Visual Studio 15
Project("{FAE04EC0-301F-11D3-BF4B-00C04F79EFBC}") = "Assembly-CSharp", "Assembly-CSharp.csproj", "{12C6EF2A-E6FF-8B0B-3621-3667C1CB6437}"
EndProject
Project("{FAE04EC0-301F-11D3-BF4B-00C04F79EFBC}") = "Assembly-CSharp-Editor", "Assembly-CSharp-Editor.csproj", "{A7296E73-CD51-091B-3AEC-DBCDEB3CFA22}"
EndProject
Global
	GlobalSection(SolutionConfigurationPlatforms) = preSolution
		Debug|Any CPU = Debug|Any CPU
		Release|Any CPU = Release|Any CPU
	EndGlobalSection
	GlobalSection(ProjectConfigurationPlatforms) = postSolution
		{12C6EF2A-E6FF-8B0B-3621-3667C1CB6437}.Debug|Any CPU.ActiveCfg = Debug|Any CPU
		{12C6EF2A-E6FF-8B0B-3621-3667C1CB6437}.Debug|Any CPU.Build.0 = Debug|Any CPU
		{12C6EF2A-E6FF-8B0B-3621-3667C1CB6437}.Release|Any CPU.ActiveCfg = Release|Any CPU
		{12C6EF2A-E6FF-8B0B-3621-3667C1CB6437}.Release|Any CPU.Build.0 = Release|Any CPU
		{A7296E73-CD51-091B-3AEC-DBCDEB3CFA22}.Debug|Any CPU.ActiveCfg = Debug|Any CPU
		{A7296E73-CD51-091B-3AEC-DBCDEB3CFA22}.Debug|Any CPU.Build.0 = Debug|Any CPU
		{A7296E73-CD51-091B-3AEC-DBCDEB3CFA22}.Release|Any CPU.ActiveCfg = Release|Any CPU
		{A7296E73-CD51-091B-3AEC-DBCDEB3CFA22}.Release|Any CPU.Build.0 = Release|Any CPU
	EndGlobalSection
	GlobalSection(SolutionProperties) = preSolution
		HideSolutionNode = FALSE
	EndGlobalSection
EndGlobal
